
Microsoft Visual Studio Solution File, Format Version 12.00
# Visual Studio 2013
VisualStudioVersion = 12.0.31101.0
MinimumVisualStudioVersion = 10.0.40219.1
Project("{FAE04EC0-301F-11D3-BF4B-00C04F79EFBC}") = "SoftwareKobo.HtmlRender.Core", "SoftwareKobo.HtmlRender.Core\SoftwareKobo.HtmlRender.Core.csproj", "{B66C925D-91C9-4162-AEC2-0CF6DA669315}"
EndProject
Global
	GlobalSection(SolutionConfigurationPlatforms) = preSolution
		Debug|Any CPU = Debug|Any CPU
		Release|Any CPU = Release|Any CPU
	EndGlobalSection
	GlobalSection(ProjectConfigurationPlatforms) = postSolution
		{B66C925D-91C9-4162-AEC2-0CF6DA669315}.Debug|Any CPU.ActiveCfg = Debug|Any CPU
		{B66C925D-91C9-4162-AEC2-0CF6DA669315}.Debug|Any CPU.Build.0 = Debug|Any CPU
		{B66C925D-91C9-4162-AEC2-0CF6DA669315}.Release|Any CPU.ActiveCfg = Release|Any CPU
		{B66C925D-91C9-4162-AEC2-0CF6DA669315}.Release|Any CPU.Build.0 = Release|Any CPU
	EndGlobalSection
	GlobalSection(SolutionProperties) = preSolution
		HideSolutionNode = FALSE
	EndGlobalSection
EndGlobal
